
Microsoft Visual Studio Solution File, Format Version 12.00
# Visual Studio Version 17
VisualStudioVersion = 17.4.33213.308
MinimumVisualStudioVersion = 10.0.40219.1
Project("{FAE04EC0-301F-11D3-BF4B-00C04F79EFBC}") = "The Password Validator", "The Password Validator\The Password Validator.csproj", "{07C7E1F1-93FF-465C-BCDA-A402A3D305C0}"
EndProject
Global
	GlobalSection(SolutionConfigurationPlatforms) = preSolution
		Debug|Any CPU = Debug|Any CPU
		Release|Any CPU = Release|Any CPU
	EndGlobalSection
	GlobalSection(ProjectConfigurationPlatforms) = postSolution
		{07C7E1F1-93FF-465C-BCDA-A402A3D305C0}.Debug|Any CPU.ActiveCfg = Debug|Any CPU
		{07C7E1F1-93FF-465C-BCDA-A402A3D305C0}.Debug|Any CPU.Build.0 = Debug|Any CPU
		{07C7E1F1-93FF-465C-BCDA-A402A3D305C0}.Release|Any CPU.ActiveCfg = Release|Any CPU
		{07C7E1F1-93FF-465C-BCDA-A402A3D305C0}.Release|Any CPU.Build.0 = Release|Any CPU
	EndGlobalSection
	GlobalSection(SolutionProperties) = preSolution
		HideSolutionNode = FALSE
	EndGlobalSection
	GlobalSection(ExtensibilityGlobals) = postSolution
		SolutionGuid = {2C8FA32F-3878-4CB4-9082-12CB75351513}
	EndGlobalSection
EndGlobal
